// !$*UTF8*$!
{
	archiveVersion = 1;
	classes = {
	};
	objectVersion = 51;
	objects = {

/* Begin PBXBuildFile section */
		1CDB94A826FF76000000C3B6 /* AppDelegate.swift in Sources */ = {isa = PBXBuildFile; fileRef = 1CDB94A726FF76000000C3B6 /* AppDelegate.swift */; };
		1CDB94AA26FF76000000C3B6 /* SceneDelegate.swift in Sources */ = {isa = PBXBuildFile; fileRef = 1CDB94A926FF76000000C3B6 /* SceneDelegate.swift */; };
		1CDB94AC26FF76000000C3B6 /* ViewController.swift in Sources */ = {isa = PBXBuildFile; fileRef = 1CDB94AB26FF76000000C3B6 /* ViewController.swift */; };
		1CDB94AF26FF76000000C3B6 /* Main.storyboard in Resources */ = {isa = PBXBuildFile; fileRef = 1CDB94AD26FF76000000C3B6 /* Main.storyboard */; };
		1CDB94B126FF76010000C3B6 /* Assets.xcassets in Resources */ = {isa = PBXBuildFile; fileRef = 1CDB94B026FF76010000C3B6 /* Assets.xcassets */; };
		1CDB94B426FF76010000C3B6 /* LaunchScreen.storyboard in Resources */ = {isa = PBXBuildFile; fileRef = 1CDB94B226FF76010000C3B6 /* LaunchScreen.storyboard */; };
		1CDB94BF26FF76010000C3B6 /* MarvelAppTests.swift in Sources */ = {isa = PBXBuildFile; fileRef = 1CDB94BE26FF76010000C3B6 /* MarvelAppTests.swift */; };
		1CDB94CA26FF76010000C3B6 /* MarvelAppUITests.swift in Sources */ = {isa = PBXBuildFile; fileRef = 1CDB94C926FF76010000C3B6 /* MarvelAppUITests.swift */; };
		1CDB94D826FF7FD20000C3B6 /* MarvelKeys.plist in Resources */ = {isa = PBXBuildFile; fileRef = 1CDB94D726FF7FD20000C3B6 /* MarvelKeys.plist */; };
		1CDB94DB26FF84A70000C3B6 /* MarvelProvider.swift in Sources */ = {isa = PBXBuildFile; fileRef = 1CDB94DA26FF84A70000C3B6 /* MarvelProvider.swift */; };
		1CDB94DE26FF909F0000C3B6 /* Character.swift in Sources */ = {isa = PBXBuildFile; fileRef = 1CDB94DD26FF909F0000C3B6 /* Character.swift */; };
		1CDB94E026FF970E0000C3B6 /* Comic.swift in Sources */ = {isa = PBXBuildFile; fileRef = 1CDB94DF26FF970E0000C3B6 /* Comic.swift */; };
		1CDB94E226FFB5DC0000C3B6 /* MarvelImage.swift in Sources */ = {isa = PBXBuildFile; fileRef = 1CDB94E126FFB5DC0000C3B6 /* MarvelImage.swift */; };
		1CDB94E426FFFE020000C3B6 /* ExternalLinks.swift in Sources */ = {isa = PBXBuildFile; fileRef = 1CDB94E326FFFE020000C3B6 /* ExternalLinks.swift */; };
		1CDB94E827000BA90000C3B6 /* MarvelListViewModel.swift in Sources */ = {isa = PBXBuildFile; fileRef = 1CDB94E727000BA90000C3B6 /* MarvelListViewModel.swift */; };
		1CDB94EA27000BE20000C3B6 /* MarvelListViewModelProtocol.swift in Sources */ = {isa = PBXBuildFile; fileRef = 1CDB94E927000BE20000C3B6 /* MarvelListViewModelProtocol.swift */; };
		B3066044BFCC8AD0CABCF473 /* Pods_MarvelApp.framework in Frameworks */ = {isa = PBXBuildFile; fileRef = 66638A895E908C1E6B2B845E /* Pods_MarvelApp.framework */; };
		C94D9EAFC233DE3A187C8227 /* Pods_MarvelAppTests.framework in Frameworks */ = {isa = PBXBuildFile; fileRef = C60E9B5C1DE23D316E3E5127 /* Pods_MarvelAppTests.framework */; };
		E1CA7F610D4C92EF8250F6A7 /* Pods_MarvelApp_MarvelAppUITests.framework in Frameworks */ = {isa = PBXBuildFile; fileRef = 884D8FDAB02CF70E0914D098 /* Pods_MarvelApp_MarvelAppUITests.framework */; };
/* End PBXBuildFile section */

/* Begin PBXContainerItemProxy section */
		1CDB94BB26FF76010000C3B6 /* PBXContainerItemProxy */ = {
			isa = PBXContainerItemProxy;
			containerPortal = 1CDB949C26FF76000000C3B6 /* Project object */;
			proxyType = 1;
			remoteGlobalIDString = 1CDB94A326FF76000000C3B6;
			remoteInfo = MarvelApp;
		};
		1CDB94C626FF76010000C3B6 /* PBXContainerItemProxy */ = {
			isa = PBXContainerItemProxy;
			containerPortal = 1CDB949C26FF76000000C3B6 /* Project object */;
			proxyType = 1;
			remoteGlobalIDString = 1CDB94A326FF76000000C3B6;
			remoteInfo = MarvelApp;
		};
/* End PBXContainerItemProxy section */

/* Begin PBXFileReference section */
		01B94B5593A062628CDDE0A6 /* Pods-MarvelApp-MarvelAppUITests.release.xcconfig */ = {isa = PBXFileReference; includeInIndex = 1; lastKnownFileType = text.xcconfig; name = "Pods-MarvelApp-MarvelAppUITests.release.xcconfig"; path = "Target Support Files/Pods-MarvelApp-MarvelAppUITests/Pods-MarvelApp-MarvelAppUITests.release.xcconfig"; sourceTree = "<group>"; };
		1CDB94A426FF76000000C3B6 /* MarvelApp.app */ = {isa = PBXFileReference; explicitFileType = wrapper.application; includeInIndex = 0; path = MarvelApp.app; sourceTree = BUILT_PRODUCTS_DIR; };
		1CDB94A726FF76000000C3B6 /* AppDelegate.swift */ = {isa = PBXFileReference; lastKnownFileType = sourcecode.swift; path = AppDelegate.swift; sourceTree = "<group>"; };
		1CDB94A926FF76000000C3B6 /* SceneDelegate.swift */ = {isa = PBXFileReference; lastKnownFileType = sourcecode.swift; path = SceneDelegate.swift; sourceTree = "<group>"; };
		1CDB94AB26FF76000000C3B6 /* ViewController.swift */ = {isa = PBXFileReference; lastKnownFileType = sourcecode.swift; path = ViewController.swift; sourceTree = "<group>"; };
		1CDB94AE26FF76000000C3B6 /* Base */ = {isa = PBXFileReference; lastKnownFileType = file.storyboard; name = Base; path = Base.lproj/Main.storyboard; sourceTree = "<group>"; };
		1CDB94B026FF76010000C3B6 /* Assets.xcassets */ = {isa = PBXFileReference; lastKnownFileType = folder.assetcatalog; path = Assets.xcassets; sourceTree = "<group>"; };
		1CDB94B326FF76010000C3B6 /* Base */ = {isa = PBXFileReference; lastKnownFileType = file.storyboard; name = Base; path = Base.lproj/LaunchScreen.storyboard; sourceTree = "<group>"; };
		1CDB94B526FF76010000C3B6 /* Info.plist */ = {isa = PBXFileReference; lastKnownFileType = text.plist.xml; path = Info.plist; sourceTree = "<group>"; };
		1CDB94BA26FF76010000C3B6 /* MarvelAppTests.xctest */ = {isa = PBXFileReference; explicitFileType = wrapper.cfbundle; includeInIndex = 0; path = MarvelAppTests.xctest; sourceTree = BUILT_PRODUCTS_DIR; };
		1CDB94BE26FF76010000C3B6 /* MarvelAppTests.swift */ = {isa = PBXFileReference; lastKnownFileType = sourcecode.swift; path = MarvelAppTests.swift; sourceTree = "<group>"; };
		1CDB94C026FF76010000C3B6 /* Info.plist */ = {isa = PBXFileReference; lastKnownFileType = text.plist.xml; path = Info.plist; sourceTree = "<group>"; };
		1CDB94C526FF76010000C3B6 /* MarvelAppUITests.xctest */ = {isa = PBXFileReference; explicitFileType = wrapper.cfbundle; includeInIndex = 0; path = MarvelAppUITests.xctest; sourceTree = BUILT_PRODUCTS_DIR; };
		1CDB94C926FF76010000C3B6 /* MarvelAppUITests.swift */ = {isa = PBXFileReference; lastKnownFileType = sourcecode.swift; path = MarvelAppUITests.swift; sourceTree = "<group>"; };
		1CDB94CB26FF76010000C3B6 /* Info.plist */ = {isa = PBXFileReference; lastKnownFileType = text.plist.xml; path = Info.plist; sourceTree = "<group>"; };
		1CDB94D726FF7FD20000C3B6 /* MarvelKeys.plist */ = {isa = PBXFileReference; lastKnownFileType = text.plist.xml; path = MarvelKeys.plist; sourceTree = "<group>"; };
		1CDB94DA26FF84A70000C3B6 /* MarvelProvider.swift */ = {isa = PBXFileReference; lastKnownFileType = sourcecode.swift; path = MarvelProvider.swift; sourceTree = "<group>"; };
		1CDB94DD26FF909F0000C3B6 /* Character.swift */ = {isa = PBXFileReference; lastKnownFileType = sourcecode.swift; path = Character.swift; sourceTree = "<group>"; };
		1CDB94DF26FF970E0000C3B6 /* Comic.swift */ = {isa = PBXFileReference; lastKnownFileType = sourcecode.swift; path = Comic.swift; sourceTree = "<group>"; };
		1CDB94E126FFB5DC0000C3B6 /* MarvelImage.swift */ = {isa = PBXFileReference; lastKnownFileType = sourcecode.swift; path = MarvelImage.swift; sourceTree = "<group>"; };
		1CDB94E326FFFE020000C3B6 /* ExternalLinks.swift */ = {isa = PBXFileReference; lastKnownFileType = sourcecode.swift; path = ExternalLinks.swift; sourceTree = "<group>"; };
		1CDB94E727000BA90000C3B6 /* MarvelListViewModel.swift */ = {isa = PBXFileReference; lastKnownFileType = sourcecode.swift; path = MarvelListViewModel.swift; sourceTree = "<group>"; };
		1CDB94E927000BE20000C3B6 /* MarvelListViewModelProtocol.swift */ = {isa = PBXFileReference; lastKnownFileType = sourcecode.swift; path = MarvelListViewModelProtocol.swift; sourceTree = "<group>"; };
		2AD3D2852CF7092F3BAAB736 /* Pods-MarvelAppTests.release.xcconfig */ = {isa = PBXFileReference; includeInIndex = 1; lastKnownFileType = text.xcconfig; name = "Pods-MarvelAppTests.release.xcconfig"; path = "Target Support Files/Pods-MarvelAppTests/Pods-MarvelAppTests.release.xcconfig"; sourceTree = "<group>"; };
		394457290796AFF2860F6799 /* Pods-MarvelApp-MarvelAppUITests.debug.xcconfig */ = {isa = PBXFileReference; includeInIndex = 1; lastKnownFileType = text.xcconfig; name = "Pods-MarvelApp-MarvelAppUITests.debug.xcconfig"; path = "Target Support Files/Pods-MarvelApp-MarvelAppUITests/Pods-MarvelApp-MarvelAppUITests.debug.xcconfig"; sourceTree = "<group>"; };
		4C0052CD9986C381962C59D5 /* Pods-MarvelApp.debug.xcconfig */ = {isa = PBXFileReference; includeInIndex = 1; lastKnownFileType = text.xcconfig; name = "Pods-MarvelApp.debug.xcconfig"; path = "Target Support Files/Pods-MarvelApp/Pods-MarvelApp.debug.xcconfig"; sourceTree = "<group>"; };
		60C8E3E5E1FCFE89DAE62D76 /* Pods-MarvelApp.release.xcconfig */ = {isa = PBXFileReference; includeInIndex = 1; lastKnownFileType = text.xcconfig; name = "Pods-MarvelApp.release.xcconfig"; path = "Target Support Files/Pods-MarvelApp/Pods-MarvelApp.release.xcconfig"; sourceTree = "<group>"; };
		66638A895E908C1E6B2B845E /* Pods_MarvelApp.framework */ = {isa = PBXFileReference; explicitFileType = wrapper.framework; includeInIndex = 0; path = Pods_MarvelApp.framework; sourceTree = BUILT_PRODUCTS_DIR; };
		884D8FDAB02CF70E0914D098 /* Pods_MarvelApp_MarvelAppUITests.framework */ = {isa = PBXFileReference; explicitFileType = wrapper.framework; includeInIndex = 0; path = Pods_MarvelApp_MarvelAppUITests.framework; sourceTree = BUILT_PRODUCTS_DIR; };
		946FF39A3C4B26DC2FB4F746 /* Pods-MarvelAppTests.debug.xcconfig */ = {isa = PBXFileReference; includeInIndex = 1; lastKnownFileType = text.xcconfig; name = "Pods-MarvelAppTests.debug.xcconfig"; path = "Target Support Files/Pods-MarvelAppTests/Pods-MarvelAppTests.debug.xcconfig"; sourceTree = "<group>"; };
		C60E9B5C1DE23D316E3E5127 /* Pods_MarvelAppTests.framework */ = {isa = PBXFileReference; explicitFileType = wrapper.framework; includeInIndex = 0; path = Pods_MarvelAppTests.framework; sourceTree = BUILT_PRODUCTS_DIR; };
/* End PBXFileReference section */

/* Begin PBXFrameworksBuildPhase section */
		1CDB94A126FF76000000C3B6 /* Frameworks */ = {
			isa = PBXFrameworksBuildPhase;
			buildActionMask = 2147483647;
			files = (
				B3066044BFCC8AD0CABCF473 /* Pods_MarvelApp.framework in Frameworks */,
			);
			runOnlyForDeploymentPostprocessing = 0;
		};
		1CDB94B726FF76010000C3B6 /* Frameworks */ = {
			isa = PBXFrameworksBuildPhase;
			buildActionMask = 2147483647;
			files = (
				C94D9EAFC233DE3A187C8227 /* Pods_MarvelAppTests.framework in Frameworks */,
			);
			runOnlyForDeploymentPostprocessing = 0;
		};
		1CDB94C226FF76010000C3B6 /* Frameworks */ = {
			isa = PBXFrameworksBuildPhase;
			buildActionMask = 2147483647;
			files = (
				E1CA7F610D4C92EF8250F6A7 /* Pods_MarvelApp_MarvelAppUITests.framework in Frameworks */,
			);
			runOnlyForDeploymentPostprocessing = 0;
		};
/* End PBXFrameworksBuildPhase section */

/* Begin PBXGroup section */
		002894FA5C3AA3C00FD826F1 /* Frameworks */ = {
			isa = PBXGroup;
			children = (
				66638A895E908C1E6B2B845E /* Pods_MarvelApp.framework */,
				884D8FDAB02CF70E0914D098 /* Pods_MarvelApp_MarvelAppUITests.framework */,
				C60E9B5C1DE23D316E3E5127 /* Pods_MarvelAppTests.framework */,
			);
			name = Frameworks;
			sourceTree = "<group>";
		};
		1CDB949B26FF76000000C3B6 = {
			isa = PBXGroup;
			children = (
				1CDB94A626FF76000000C3B6 /* MarvelApp */,
				1CDB94BD26FF76010000C3B6 /* MarvelAppTests */,
				1CDB94C826FF76010000C3B6 /* MarvelAppUITests */,
				1CDB94A526FF76000000C3B6 /* Products */,
				D295E36B633CFE6BE9DDB197 /* Pods */,
				002894FA5C3AA3C00FD826F1 /* Frameworks */,
			);
			sourceTree = "<group>";
		};
		1CDB94A526FF76000000C3B6 /* Products */ = {
			isa = PBXGroup;
			children = (
				1CDB94A426FF76000000C3B6 /* MarvelApp.app */,
				1CDB94BA26FF76010000C3B6 /* MarvelAppTests.xctest */,
				1CDB94C526FF76010000C3B6 /* MarvelAppUITests.xctest */,
			);
			name = Products;
			sourceTree = "<group>";
		};
		1CDB94A626FF76000000C3B6 /* MarvelApp */ = {
			isa = PBXGroup;
			children = (
				1CDB94E527000B6E0000C3B6 /* MarvelCharactersListFlow */,
				1CDB94DC26FF908C0000C3B6 /* Entity */,
				1CDB94D926FF81410000C3B6 /* Provider */,
				1CDB94A726FF76000000C3B6 /* AppDelegate.swift */,
				1CDB94A926FF76000000C3B6 /* SceneDelegate.swift */,
				1CDB94AB26FF76000000C3B6 /* ViewController.swift */,
				1CDB94AD26FF76000000C3B6 /* Main.storyboard */,
				1CDB94B026FF76010000C3B6 /* Assets.xcassets */,
				1CDB94B226FF76010000C3B6 /* LaunchScreen.storyboard */,
				1CDB94B526FF76010000C3B6 /* Info.plist */,
				1CDB94D726FF7FD20000C3B6 /* MarvelKeys.plist */,
			);
			path = MarvelApp;
			sourceTree = "<group>";
		};
		1CDB94BD26FF76010000C3B6 /* MarvelAppTests */ = {
			isa = PBXGroup;
			children = (
				1CDB94BE26FF76010000C3B6 /* MarvelAppTests.swift */,
				1CDB94C026FF76010000C3B6 /* Info.plist */,
			);
			path = MarvelAppTests;
			sourceTree = "<group>";
		};
		1CDB94C826FF76010000C3B6 /* MarvelAppUITests */ = {
			isa = PBXGroup;
			children = (
				1CDB94C926FF76010000C3B6 /* MarvelAppUITests.swift */,
				1CDB94CB26FF76010000C3B6 /* Info.plist */,
			);
			path = MarvelAppUITests;
			sourceTree = "<group>";
		};
		1CDB94D926FF81410000C3B6 /* Provider */ = {
			isa = PBXGroup;
			children = (
				1CDB94DA26FF84A70000C3B6 /* MarvelProvider.swift */,
			);
			path = Provider;
			sourceTree = "<group>";
		};
		1CDB94DC26FF908C0000C3B6 /* Entity */ = {
			isa = PBXGroup;
			children = (
				1CDB94DD26FF909F0000C3B6 /* Character.swift */,
				1CDB94DF26FF970E0000C3B6 /* Comic.swift */,
				1CDB94E126FFB5DC0000C3B6 /* MarvelImage.swift */,
				1CDB94E326FFFE020000C3B6 /* ExternalLinks.swift */,
			);
			path = Entity;
			sourceTree = "<group>";
		};
		1CDB94E527000B6E0000C3B6 /* MarvelCharactersListFlow */ = {
			isa = PBXGroup;
			children = (
				1CDB94E627000B870000C3B6 /* ViewModel */,
			);
			path = MarvelCharactersListFlow;
			sourceTree = "<group>";
		};
		1CDB94E627000B870000C3B6 /* ViewModel */ = {
			isa = PBXGroup;
			children = (
				1CDB94E727000BA90000C3B6 /* MarvelListViewModel.swift */,
				1CDB94E927000BE20000C3B6 /* MarvelListViewModelProtocol.swift */,
			);
			path = ViewModel;
			sourceTree = "<group>";
		};
		D295E36B633CFE6BE9DDB197 /* Pods */ = {
			isa = PBXGroup;
			children = (
				4C0052CD9986C381962C59D5 /* Pods-MarvelApp.debug.xcconfig */,
				60C8E3E5E1FCFE89DAE62D76 /* Pods-MarvelApp.release.xcconfig */,
				394457290796AFF2860F6799 /* Pods-MarvelApp-MarvelAppUITests.debug.xcconfig */,
				01B94B5593A062628CDDE0A6 /* Pods-MarvelApp-MarvelAppUITests.release.xcconfig */,
				946FF39A3C4B26DC2FB4F746 /* Pods-MarvelAppTests.debug.xcconfig */,
				2AD3D2852CF7092F3BAAB736 /* Pods-MarvelAppTests.release.xcconfig */,
			);
			path = Pods;
			sourceTree = "<group>";
		};
/* End PBXGroup section */

/* Begin PBXNativeTarget section */
		1CDB94A326FF76000000C3B6 /* MarvelApp */ = {
			isa = PBXNativeTarget;
			buildConfigurationList = 1CDB94CE26FF76010000C3B6 /* Build configuration list for PBXNativeTarget "MarvelApp" */;
			buildPhases = (
				1DB27FF2D6E61329D9EC5369 /* [CP] Check Pods Manifest.lock */,
				1CDB94A026FF76000000C3B6 /* Sources */,
				1CDB94A126FF76000000C3B6 /* Frameworks */,
				1CDB94A226FF76000000C3B6 /* Resources */,
				A2028FC0C95238D2C31AE9A5 /* [CP] Embed Pods Frameworks */,
			);
			buildRules = (
			);
			dependencies = (
			);
			name = MarvelApp;
			productName = MarvelApp;
			productReference = 1CDB94A426FF76000000C3B6 /* MarvelApp.app */;
			productType = "com.apple.product-type.application";
		};
		1CDB94B926FF76010000C3B6 /* MarvelAppTests */ = {
			isa = PBXNativeTarget;
			buildConfigurationList = 1CDB94D126FF76010000C3B6 /* Build configuration list for PBXNativeTarget "MarvelAppTests" */;
			buildPhases = (
				97FF913CBD38F4C53CBB129A /* [CP] Check Pods Manifest.lock */,
				1CDB94B626FF76010000C3B6 /* Sources */,
				1CDB94B726FF76010000C3B6 /* Frameworks */,
				1CDB94B826FF76010000C3B6 /* Resources */,
			);
			buildRules = (
			);
			dependencies = (
				1CDB94BC26FF76010000C3B6 /* PBXTargetDependency */,
			);
			name = MarvelAppTests;
			productName = MarvelAppTests;
			productReference = 1CDB94BA26FF76010000C3B6 /* MarvelAppTests.xctest */;
			productType = "com.apple.product-type.bundle.unit-test";
		};
		1CDB94C426FF76010000C3B6 /* MarvelAppUITests */ = {
			isa = PBXNativeTarget;
			buildConfigurationList = 1CDB94D426FF76010000C3B6 /* Build configuration list for PBXNativeTarget "MarvelAppUITests" */;
			buildPhases = (
				103CA2B793D47D2E41353F5E /* [CP] Check Pods Manifest.lock */,
				1CDB94C126FF76010000C3B6 /* Sources */,
				1CDB94C226FF76010000C3B6 /* Frameworks */,
				1CDB94C326FF76010000C3B6 /* Resources */,
				ED0ECE3B3CDCEA0327E721FA /* [CP] Embed Pods Frameworks */,
			);
			buildRules = (
			);
			dependencies = (
				1CDB94C726FF76010000C3B6 /* PBXTargetDependency */,
			);
			name = MarvelAppUITests;
			productName = MarvelAppUITests;
			productReference = 1CDB94C526FF76010000C3B6 /* MarvelAppUITests.xctest */;
			productType = "com.apple.product-type.bundle.ui-testing";
		};
/* End PBXNativeTarget section */

/* Begin PBXProject section */
		1CDB949C26FF76000000C3B6 /* Project object */ = {
			isa = PBXProject;
			attributes = {
				LastSwiftUpdateCheck = 1250;
				LastUpgradeCheck = 1250;
				TargetAttributes = {
					1CDB94A326FF76000000C3B6 = {
						CreatedOnToolsVersion = 12.5.1;
					};
					1CDB94B926FF76010000C3B6 = {
						CreatedOnToolsVersion = 12.5.1;
						TestTargetID = 1CDB94A326FF76000000C3B6;
					};
					1CDB94C426FF76010000C3B6 = {
						CreatedOnToolsVersion = 12.5.1;
						TestTargetID = 1CDB94A326FF76000000C3B6;
					};
				};
			};
			buildConfigurationList = 1CDB949F26FF76000000C3B6 /* Build configuration list for PBXProject "MarvelApp" */;
			compatibilityVersion = "Xcode 9.3";
			developmentRegion = en;
			hasScannedForEncodings = 0;
			knownRegions = (
				en,
				Base,
			);
			mainGroup = 1CDB949B26FF76000000C3B6;
			productRefGroup = 1CDB94A526FF76000000C3B6 /* Products */;
			projectDirPath = "";
			projectRoot = "";
			targets = (
				1CDB94A326FF76000000C3B6 /* MarvelApp */,
				1CDB94B926FF76010000C3B6 /* MarvelAppTests */,
				1CDB94C426FF76010000C3B6 /* MarvelAppUITests */,
			);
		};
/* End PBXProject section */

/* Begin PBXResourcesBuildPhase section */
		1CDB94A226FF76000000C3B6 /* Resources */ = {
			isa = PBXResourcesBuildPhase;
			buildActionMask = 2147483647;
			files = (
				1CDB94B426FF76010000C3B6 /* LaunchScreen.storyboard in Resources */,
				1CDB94D826FF7FD20000C3B6 /* MarvelKeys.plist in Resources */,
				1CDB94B126FF76010000C3B6 /* Assets.xcassets in Resources */,
				1CDB94AF26FF76000000C3B6 /* Main.storyboard in Resources */,
			);
			runOnlyForDeploymentPostprocessing = 0;
		};
		1CDB94B826FF76010000C3B6 /* Resources */ = {
			isa = PBXResourcesBuildPhase;
			buildActionMask = 2147483647;
			files = (
			);
			runOnlyForDeploymentPostprocessing = 0;
		};
		1CDB94C326FF76010000C3B6 /* Resources */ = {
			isa = PBXResourcesBuildPhase;
			buildActionMask = 2147483647;
			files = (
			);
			runOnlyForDeploymentPostprocessing = 0;
		};
/* End PBXResourcesBuildPhase section */

/* Begin PBXShellScriptBuildPhase section */
		103CA2B793D47D2E41353F5E /* [CP] Check Pods Manifest.lock */ = {
			isa = PBXShellScriptBuildPhase;
			buildActionMask = 2147483647;
			files = (
			);
			inputFileListPaths = (
			);
			inputPaths = (
				"${PODS_PODFILE_DIR_PATH}/Podfile.lock",
				"${PODS_ROOT}/Manifest.lock",
			);
			name = "[CP] Check Pods Manifest.lock";
			outputFileListPaths = (
			);
			outputPaths = (
				"$(DERIVED_FILE_DIR)/Pods-MarvelApp-MarvelAppUITests-checkManifestLockResult.txt",
			);
			runOnlyForDeploymentPostprocessing = 0;
			shellPath = /bin/sh;
			shellScript = "diff \"${PODS_PODFILE_DIR_PATH}/Podfile.lock\" \"${PODS_ROOT}/Manifest.lock\" > /dev/null\nif [ $? != 0 ] ; then\n    # print error to STDERR\n    echo \"error: The sandbox is not in sync with the Podfile.lock. Run 'pod install' or update your CocoaPods installation.\" >&2\n    exit 1\nfi\n# This output is used by Xcode 'outputs' to avoid re-running this script phase.\necho \"SUCCESS\" > \"${SCRIPT_OUTPUT_FILE_0}\"\n";
			showEnvVarsInLog = 0;
		};
		1DB27FF2D6E61329D9EC5369 /* [CP] Check Pods Manifest.lock */ = {
			isa = PBXShellScriptBuildPhase;
			buildActionMask = 2147483647;
			files = (
			);
			inputFileListPaths = (
			);
			inputPaths = (
				"${PODS_PODFILE_DIR_PATH}/Podfile.lock",
				"${PODS_ROOT}/Manifest.lock",
			);
			name = "[CP] Check Pods Manifest.lock";
			outputFileListPaths = (
			);
			outputPaths = (
				"$(DERIVED_FILE_DIR)/Pods-MarvelApp-checkManifestLockResult.txt",
			);
			runOnlyForDeploymentPostprocessing = 0;
			shellPath = /bin/sh;
			shellScript = "diff \"${PODS_PODFILE_DIR_PATH}/Podfile.lock\" \"${PODS_ROOT}/Manifest.lock\" > /dev/null\nif [ $? != 0 ] ; then\n    # print error to STDERR\n    echo \"error: The sandbox is not in sync with the Podfile.lock. Run 'pod install' or update your CocoaPods installation.\" >&2\n    exit 1\nfi\n# This output is used by Xcode 'outputs' to avoid re-running this script phase.\necho \"SUCCESS\" > \"${SCRIPT_OUTPUT_FILE_0}\"\n";
			showEnvVarsInLog = 0;
		};
		97FF913CBD38F4C53CBB129A /* [CP] Check Pods Manifest.lock */ = {
			isa = PBXShellScriptBuildPhase;
			buildActionMask = 2147483647;
			files = (
			);
			inputFileListPaths = (
			);
			inputPaths = (
				"${PODS_PODFILE_DIR_PATH}/Podfile.lock",
				"${PODS_ROOT}/Manifest.lock",
			);
			name = "[CP] Check Pods Manifest.lock";
			outputFileListPaths = (
			);
			outputPaths = (
				"$(DERIVED_FILE_DIR)/Pods-MarvelAppTests-checkManifestLockResult.txt",
			);
			runOnlyForDeploymentPostprocessing = 0;
			shellPath = /bin/sh;
			shellScript = "diff \"${PODS_PODFILE_DIR_PATH}/Podfile.lock\" \"${PODS_ROOT}/Manifest.lock\" > /dev/null\nif [ $? != 0 ] ; then\n    # print error to STDERR\n    echo \"error: The sandbox is not in sync with the Podfile.lock. Run 'pod install' or update your CocoaPods installation.\" >&2\n    exit 1\nfi\n# This output is used by Xcode 'outputs' to avoid re-running this script phase.\necho \"SUCCESS\" > \"${SCRIPT_OUTPUT_FILE_0}\"\n";
			showEnvVarsInLog = 0;
		};
		A2028FC0C95238D2C31AE9A5 /* [CP] Embed Pods Frameworks */ = {
			isa = PBXShellScriptBuildPhase;
			buildActionMask = 2147483647;
			files = (
			);
			inputFileListPaths = (
				"${PODS_ROOT}/Target Support Files/Pods-MarvelApp/Pods-MarvelApp-frameworks-${CONFIGURATION}-input-files.xcfilelist",
			);
			name = "[CP] Embed Pods Frameworks";
			outputFileListPaths = (
				"${PODS_ROOT}/Target Support Files/Pods-MarvelApp/Pods-MarvelApp-frameworks-${CONFIGURATION}-output-files.xcfilelist",
			);
			runOnlyForDeploymentPostprocessing = 0;
			shellPath = /bin/sh;
			shellScript = "\"${PODS_ROOT}/Target Support Files/Pods-MarvelApp/Pods-MarvelApp-frameworks.sh\"\n";
			showEnvVarsInLog = 0;
		};
		ED0ECE3B3CDCEA0327E721FA /* [CP] Embed Pods Frameworks */ = {
			isa = PBXShellScriptBuildPhase;
			buildActionMask = 2147483647;
			files = (
			);
			inputFileListPaths = (
				"${PODS_ROOT}/Target Support Files/Pods-MarvelApp-MarvelAppUITests/Pods-MarvelApp-MarvelAppUITests-frameworks-${CONFIGURATION}-input-files.xcfilelist",
			);
			name = "[CP] Embed Pods Frameworks";
			outputFileListPaths = (
				"${PODS_ROOT}/Target Support Files/Pods-MarvelApp-MarvelAppUITests/Pods-MarvelApp-MarvelAppUITests-frameworks-${CONFIGURATION}-output-files.xcfilelist",
			);
			runOnlyForDeploymentPostprocessing = 0;
			shellPath = /bin/sh;
			shellScript = "\"${PODS_ROOT}/Target Support Files/Pods-MarvelApp-MarvelAppUITests/Pods-MarvelApp-MarvelAppUITests-frameworks.sh\"\n";
			showEnvVarsInLog = 0;
		};
/* End PBXShellScriptBuildPhase section */

/* Begin PBXSourcesBuildPhase section */
		1CDB94A026FF76000000C3B6 /* Sources */ = {
			isa = PBXSourcesBuildPhase;
			buildActionMask = 2147483647;
			files = (
				1CDB94AC26FF76000000C3B6 /* ViewController.swift in Sources */,
				1CDB94E026FF970E0000C3B6 /* Comic.swift in Sources */,
				1CDB94E827000BA90000C3B6 /* MarvelListViewModel.swift in Sources */,
				1CDB94E426FFFE020000C3B6 /* ExternalLinks.swift in Sources */,
				1CDB94DB26FF84A70000C3B6 /* MarvelProvider.swift in Sources */,
				1CDB94DE26FF909F0000C3B6 /* Character.swift in Sources */,
				1CDB94A826FF76000000C3B6 /* AppDelegate.swift in Sources */,
				1CDB94AA26FF76000000C3B6 /* SceneDelegate.swift in Sources */,
				1CDB94E226FFB5DC0000C3B6 /* MarvelImage.swift in Sources */,
				1CDB94EA27000BE20000C3B6 /* MarvelListViewModelProtocol.swift in Sources */,
			);
			runOnlyForDeploymentPostprocessing = 0;
		};
		1CDB94B626FF76010000C3B6 /* Sources */ = {
			isa = PBXSourcesBuildPhase;
			buildActionMask = 2147483647;
			files = (
				1CDB94BF26FF76010000C3B6 /* MarvelAppTests.swift in Sources */,
			);
			runOnlyForDeploymentPostprocessing = 0;
		};
		1CDB94C126FF76010000C3B6 /* Sources */ = {
			isa = PBXSourcesBuildPhase;
			buildActionMask = 2147483647;
			files = (
				1CDB94CA26FF76010000C3B6 /* MarvelAppUITests.swift in Sources */,
			);
			runOnlyForDeploymentPostprocessing = 0;
		};
/* End PBXSourcesBuildPhase section */

/* Begin PBXTargetDependency section */
		1CDB94BC26FF76010000C3B6 /* PBXTargetDependency */ = {
			isa = PBXTargetDependency;
			target = 1CDB94A326FF76000000C3B6 /* MarvelApp */;
			targetProxy = 1CDB94BB26FF76010000C3B6 /* PBXContainerItemProxy */;
		};
		1CDB94C726FF76010000C3B6 /* PBXTargetDependency */ = {
			isa = PBXTargetDependency;
			target = 1CDB94A326FF76000000C3B6 /* MarvelApp */;
			targetProxy = 1CDB94C626FF76010000C3B6 /* PBXContainerItemProxy */;
		};
/* End PBXTargetDependency section */

/* Begin PBXVariantGroup section */
		1CDB94AD26FF76000000C3B6 /* Main.storyboard */ = {
			isa = PBXVariantGroup;
			children = (
				1CDB94AE26FF76000000C3B6 /* Base */,
			);
			name = Main.storyboard;
			sourceTree = "<group>";
		};
		1CDB94B226FF76010000C3B6 /* LaunchScreen.storyboard */ = {
			isa = PBXVariantGroup;
			children = (
				1CDB94B326FF76010000C3B6 /* Base */,
			);
			name = LaunchScreen.storyboard;
			sourceTree = "<group>";
		};
/* End PBXVariantGroup section */

/* Begin XCBuildConfiguration section */
		1CDB94CC26FF76010000C3B6 /* Debug */ = {
			isa = XCBuildConfiguration;
			buildSettings = {
				ALWAYS_SEARCH_USER_PATHS = NO;
				CLANG_ANALYZER_NONNULL = YES;
				CLANG_ANALYZER_NUMBER_OBJECT_CONVERSION = YES_AGGRESSIVE;
				CLANG_CXX_LANGUAGE_STANDARD = "gnu++14";
				CLANG_CXX_LIBRARY = "libc++";
				CLANG_ENABLE_MODULES = YES;
				CLANG_ENABLE_OBJC_ARC = YES;
				CLANG_ENABLE_OBJC_WEAK = YES;
				CLANG_WARN_BLOCK_CAPTURE_AUTORELEASING = YES;
				CLANG_WARN_BOOL_CONVERSION = YES;
				CLANG_WARN_COMMA = YES;
				CLANG_WARN_CONSTANT_CONVERSION = YES;
				CLANG_WARN_DEPRECATED_OBJC_IMPLEMENTATIONS = YES;
				CLANG_WARN_DIRECT_OBJC_ISA_USAGE = YES_ERROR;
				CLANG_WARN_DOCUMENTATION_COMMENTS = YES;
				CLANG_WARN_EMPTY_BODY = YES;
				CLANG_WARN_ENUM_CONVERSION = YES;
				CLANG_WARN_INFINITE_RECURSION = YES;
				CLANG_WARN_INT_CONVERSION = YES;
				CLANG_WARN_NON_LITERAL_NULL_CONVERSION = YES;
				CLANG_WARN_OBJC_IMPLICIT_RETAIN_SELF = YES;
				CLANG_WARN_OBJC_LITERAL_CONVERSION = YES;
				CLANG_WARN_OBJC_ROOT_CLASS = YES_ERROR;
				CLANG_WARN_QUOTED_INCLUDE_IN_FRAMEWORK_HEADER = YES;
				CLANG_WARN_RANGE_LOOP_ANALYSIS = YES;
				CLANG_WARN_STRICT_PROTOTYPES = YES;
				CLANG_WARN_SUSPICIOUS_MOVE = YES;
				CLANG_WARN_UNGUARDED_AVAILABILITY = YES_AGGRESSIVE;
				CLANG_WARN_UNREACHABLE_CODE = YES;
				CLANG_WARN__DUPLICATE_METHOD_MATCH = YES;
				COPY_PHASE_STRIP = NO;
				DEBUG_INFORMATION_FORMAT = dwarf;
				ENABLE_STRICT_OBJC_MSGSEND = YES;
				ENABLE_TESTABILITY = YES;
				GCC_C_LANGUAGE_STANDARD = gnu11;
				GCC_DYNAMIC_NO_PIC = NO;
				GCC_NO_COMMON_BLOCKS = YES;
				GCC_OPTIMIZATION_LEVEL = 0;
				GCC_PREPROCESSOR_DEFINITIONS = (
					"DEBUG=1",
					"$(inherited)",
				);
				GCC_WARN_64_TO_32_BIT_CONVERSION = YES;
				GCC_WARN_ABOUT_RETURN_TYPE = YES_ERROR;
				GCC_WARN_UNDECLARED_SELECTOR = YES;
				GCC_WARN_UNINITIALIZED_AUTOS = YES_AGGRESSIVE;
				GCC_WARN_UNUSED_FUNCTION = YES;
				GCC_WARN_UNUSED_VARIABLE = YES;
				IPHONEOS_DEPLOYMENT_TARGET = 14.5;
				MTL_ENABLE_DEBUG_INFO = INCLUDE_SOURCE;
				MTL_FAST_MATH = YES;
				ONLY_ACTIVE_ARCH = YES;
				SDKROOT = iphoneos;
				SWIFT_ACTIVE_COMPILATION_CONDITIONS = DEBUG;
				SWIFT_OPTIMIZATION_LEVEL = "-Onone";
			};
			name = Debug;
		};
		1CDB94CD26FF76010000C3B6 /* Release */ = {
			isa = XCBuildConfiguration;
			buildSettings = {
				ALWAYS_SEARCH_USER_PATHS = NO;
				CLANG_ANALYZER_NONNULL = YES;
				CLANG_ANALYZER_NUMBER_OBJECT_CONVERSION = YES_AGGRESSIVE;
				CLANG_CXX_LANGUAGE_STANDARD = "gnu++14";
				CLANG_CXX_LIBRARY = "libc++";
				CLANG_ENABLE_MODULES = YES;
				CLANG_ENABLE_OBJC_ARC = YES;
				CLANG_ENABLE_OBJC_WEAK = YES;
				CLANG_WARN_BLOCK_CAPTURE_AUTORELEASING = YES;
				CLANG_WARN_BOOL_CONVERSION = YES;
				CLANG_WARN_COMMA = YES;
				CLANG_WARN_CONSTANT_CONVERSION = YES;
				CLANG_WARN_DEPRECATED_OBJC_IMPLEMENTATIONS = YES;
				CLANG_WARN_DIRECT_OBJC_ISA_USAGE = YES_ERROR;
				CLANG_WARN_DOCUMENTATION_COMMENTS = YES;
				CLANG_WARN_EMPTY_BODY = YES;
				CLANG_WARN_ENUM_CONVERSION = YES;
				CLANG_WARN_INFINITE_RECURSION = YES;
				CLANG_WARN_INT_CONVERSION = YES;
				CLANG_WARN_NON_LITERAL_NULL_CONVERSION = YES;
				CLANG_WARN_OBJC_IMPLICIT_RETAIN_SELF = YES;
				CLANG_WARN_OBJC_LITERAL_CONVERSION = YES;
				CLANG_WARN_OBJC_ROOT_CLASS = YES_ERROR;
				CLANG_WARN_QUOTED_INCLUDE_IN_FRAMEWORK_HEADER = YES;
				CLANG_WARN_RANGE_LOOP_ANALYSIS = YES;
				CLANG_WARN_STRICT_PROTOTYPES = YES;
				CLANG_WARN_SUSPICIOUS_MOVE = YES;
				CLANG_WARN_UNGUARDED_AVAILABILITY = YES_AGGRESSIVE;
				CLANG_WARN_UNREACHABLE_CODE = YES;
				CLANG_WARN__DUPLICATE_METHOD_MATCH = YES;
				COPY_PHASE_STRIP = NO;
				DEBUG_INFORMATION_FORMAT = "dwarf-with-dsym";
				ENABLE_NS_ASSERTIONS = NO;
				ENABLE_STRICT_OBJC_MSGSEND = YES;
				GCC_C_LANGUAGE_STANDARD = gnu11;
				GCC_NO_COMMON_BLOCKS = YES;
				GCC_WARN_64_TO_32_BIT_CONVERSION = YES;
				GCC_WARN_ABOUT_RETURN_TYPE = YES_ERROR;
				GCC_WARN_UNDECLARED_SELECTOR = YES;
				GCC_WARN_UNINITIALIZED_AUTOS = YES_AGGRESSIVE;
				GCC_WARN_UNUSED_FUNCTION = YES;
				GCC_WARN_UNUSED_VARIABLE = YES;
				IPHONEOS_DEPLOYMENT_TARGET = 14.5;
				MTL_ENABLE_DEBUG_INFO = NO;
				MTL_FAST_MATH = YES;
				SDKROOT = iphoneos;
				SWIFT_COMPILATION_MODE = wholemodule;
				SWIFT_OPTIMIZATION_LEVEL = "-O";
				VALIDATE_PRODUCT = YES;
			};
			name = Release;
		};
		1CDB94CF26FF76010000C3B6 /* Debug */ = {
			isa = XCBuildConfiguration;
			baseConfigurationReference = 4C0052CD9986C381962C59D5 /* Pods-MarvelApp.debug.xcconfig */;
			buildSettings = {
				ASSETCATALOG_COMPILER_APPICON_NAME = AppIcon;
				ASSETCATALOG_COMPILER_GLOBAL_ACCENT_COLOR_NAME = AccentColor;
				CODE_SIGN_STYLE = Automatic;
				DEVELOPMENT_TEAM = VZHRF55BUA;
				INFOPLIST_FILE = MarvelApp/Info.plist;
				LD_RUNPATH_SEARCH_PATHS = (
					"$(inherited)",
					"@executable_path/Frameworks",
				);
				PRODUCT_BUNDLE_IDENTIFIER = com.jesus.MarvelApp;
				PRODUCT_NAME = "$(TARGET_NAME)";
				SWIFT_VERSION = 5.0;
				TARGETED_DEVICE_FAMILY = "1,2";
			};
			name = Debug;
		};
		1CDB94D026FF76010000C3B6 /* Release */ = {
			isa = XCBuildConfiguration;
			baseConfigurationReference = 60C8E3E5E1FCFE89DAE62D76 /* Pods-MarvelApp.release.xcconfig */;
			buildSettings = {
				ASSETCATALOG_COMPILER_APPICON_NAME = AppIcon;
				ASSETCATALOG_COMPILER_GLOBAL_ACCENT_COLOR_NAME = AccentColor;
				CODE_SIGN_STYLE = Automatic;
				DEVELOPMENT_TEAM = VZHRF55BUA;
				INFOPLIST_FILE = MarvelApp/Info.plist;
				LD_RUNPATH_SEARCH_PATHS = (
					"$(inherited)",
					"@executable_path/Frameworks",
				);
				PRODUCT_BUNDLE_IDENTIFIER = com.jesus.MarvelApp;
				PRODUCT_NAME = "$(TARGET_NAME)";
				SWIFT_VERSION = 5.0;
				TARGETED_DEVICE_FAMILY = "1,2";
			};
			name = Release;
		};
		1CDB94D226FF76010000C3B6 /* Debug */ = {
			isa = XCBuildConfiguration;
			baseConfigurationReference = 946FF39A3C4B26DC2FB4F746 /* Pods-MarvelAppTests.debug.xcconfig */;
			buildSettings = {
				ALWAYS_EMBED_SWIFT_STANDARD_LIBRARIES = YES;
				BUNDLE_LOADER = "$(TEST_HOST)";
				CODE_SIGN_STYLE = Automatic;
				DEVELOPMENT_TEAM = VZHRF55BUA;
				INFOPLIST_FILE = MarvelAppTests/Info.plist;
				IPHONEOS_DEPLOYMENT_TARGET = 14.5;
				LD_RUNPATH_SEARCH_PATHS = (
					"$(inherited)",
					"@executable_path/Frameworks",
					"@loader_path/Frameworks",
				);
				PRODUCT_BUNDLE_IDENTIFIER = com.jesus.MarvelAppTests;
				PRODUCT_NAME = "$(TARGET_NAME)";
				SWIFT_VERSION = 5.0;
				TARGETED_DEVICE_FAMILY = "1,2";
				TEST_HOST = "$(BUILT_PRODUCTS_DIR)/MarvelApp.app/MarvelApp";
			};
			name = Debug;
		};
		1CDB94D326FF76010000C3B6 /* Release */ = {
			isa = XCBuildConfiguration;
			baseConfigurationReference = 2AD3D2852CF7092F3BAAB736 /* Pods-MarvelAppTests.release.xcconfig */;
			buildSettings = {
				ALWAYS_EMBED_SWIFT_STANDARD_LIBRARIES = YES;
				BUNDLE_LOADER = "$(TEST_HOST)";
				CODE_SIGN_STYLE = Automatic;
				DEVELOPMENT_TEAM = VZHRF55BUA;
				INFOPLIST_FILE = MarvelAppTests/Info.plist;
				IPHONEOS_DEPLOYMENT_TARGET = 14.5;
				LD_RUNPATH_SEARCH_PATHS = (
					"$(inherited)",
					"@executable_path/Frameworks",
					"@loader_path/Frameworks",
				);
				PRODUCT_BUNDLE_IDENTIFIER = com.jesus.MarvelAppTests;
				PRODUCT_NAME = "$(TARGET_NAME)";
				SWIFT_VERSION = 5.0;
				TARGETED_DEVICE_FAMILY = "1,2";
				TEST_HOST = "$(BUILT_PRODUCTS_DIR)/MarvelApp.app/MarvelApp";
			};
			name = Release;
		};
		1CDB94D526FF76010000C3B6 /* Debug */ = {
			isa = XCBuildConfiguration;
			baseConfigurationReference = 394457290796AFF2860F6799 /* Pods-MarvelApp-MarvelAppUITests.debug.xcconfig */;
			buildSettings = {
				ALWAYS_EMBED_SWIFT_STANDARD_LIBRARIES = YES;
				CODE_SIGN_STYLE = Automatic;
				DEVELOPMENT_TEAM = VZHRF55BUA;
				INFOPLIST_FILE = MarvelAppUITests/Info.plist;
				LD_RUNPATH_SEARCH_PATHS = (
					"$(inherited)",
					"@executable_path/Frameworks",
					"@loader_path/Frameworks",
				);
				PRODUCT_BUNDLE_IDENTIFIER = com.jesus.MarvelAppUITests;
				PRODUCT_NAME = "$(TARGET_NAME)";
				SWIFT_VERSION = 5.0;
				TARGETED_DEVICE_FAMILY = "1,2";
				TEST_TARGET_NAME = MarvelApp;
			};
			name = Debug;
		};
		1CDB94D626FF76010000C3B6 /* Release */ = {
			isa = XCBuildConfiguration;
			baseConfigurationReference = 01B94B5593A062628CDDE0A6 /* Pods-MarvelApp-MarvelAppUITests.release.xcconfig */;
			buildSettings = {
				ALWAYS_EMBED_SWIFT_STANDARD_LIBRARIES = YES;
				CODE_SIGN_STYLE = Automatic;
				DEVELOPMENT_TEAM = VZHRF55BUA;
				INFOPLIST_FILE = MarvelAppUITests/Info.plist;
				LD_RUNPATH_SEARCH_PATHS = (
					"$(inherited)",
					"@executable_path/Frameworks",
					"@loader_path/Frameworks",
				);
				PRODUCT_BUNDLE_IDENTIFIER = com.jesus.MarvelAppUITests;
				PRODUCT_NAME = "$(TARGET_NAME)";
				SWIFT_VERSION = 5.0;
				TARGETED_DEVICE_FAMILY = "1,2";
				TEST_TARGET_NAME = MarvelApp;
			};
			name = Release;
		};
/* End XCBuildConfiguration section */

/* Begin XCConfigurationList section */
		1CDB949F26FF76000000C3B6 /* Build configuration list for PBXProject "MarvelApp" */ = {
			isa = XCConfigurationList;
			buildConfigurations = (
				1CDB94CC26FF76010000C3B6 /* Debug */,
				1CDB94CD26FF76010000C3B6 /* Release */,
			);
			defaultConfigurationIsVisible = 0;
			defaultConfigurationName = Release;
		};
		1CDB94CE26FF76010000C3B6 /* Build configuration list for PBXNativeTarget "MarvelApp" */ = {
			isa = XCConfigurationList;
			buildConfigurations = (
				1CDB94CF26FF76010000C3B6 /* Debug */,
				1CDB94D026FF76010000C3B6 /* Release */,
			);
			defaultConfigurationIsVisible = 0;
			defaultConfigurationName = Release;
		};
		1CDB94D126FF76010000C3B6 /* Build configuration list for PBXNativeTarget "MarvelAppTests" */ = {
			isa = XCConfigurationList;
			buildConfigurations = (
				1CDB94D226FF76010000C3B6 /* Debug */,
				1CDB94D326FF76010000C3B6 /* Release */,
			);
			defaultConfigurationIsVisible = 0;
			defaultConfigurationName = Release;
		};
		1CDB94D426FF76010000C3B6 /* Build configuration list for PBXNativeTarget "MarvelAppUITests" */ = {
			isa = XCConfigurationList;
			buildConfigurations = (
				1CDB94D526FF76010000C3B6 /* Debug */,
				1CDB94D626FF76010000C3B6 /* Release */,
			);
			defaultConfigurationIsVisible = 0;
			defaultConfigurationName = Release;
		};
/* End XCConfigurationList section */
	};
	rootObject = 1CDB949C26FF76000000C3B6 /* Project object */;
}
